
Microsoft Visual Studio Solution File, Format Version 12.00
Project("{FAE04EC0-301F-11D3-BF4B-00C04F79EFBC}") = "InternationalPaymentTransfer", "InternationalPaymentTransfer\InternationalPaymentTransfer.csproj", "{C2BCB6C7-96EC-4458-B516-A55850B8E88B}"
EndProject
Project("{FAE04EC0-301F-11D3-BF4B-00C04F79EFBC}") = "Domain", "Domain\Domain.csproj", "{B6146170-B0A9-490E-9B5B-04163EBEA323}"
EndProject
Project("{FAE04EC0-301F-11D3-BF4B-00C04F79EFBC}") = "Infrastructure", "Infrastructure\Infrastructure.csproj", "{1B4510F5-2E7F-40FB-BBCF-AAC13C37A6BA}"
EndProject
Project("{FAE04EC0-301F-11D3-BF4B-00C04F79EFBC}") = "Application", "Application\Application.csproj", "{B7D361DD-D01C-46BC-A7F2-DF932849B90C}"
EndProject
Global
	GlobalSection(SolutionConfigurationPlatforms) = preSolution
		Debug|Any CPU = Debug|Any CPU
		Release|Any CPU = Release|Any CPU
	EndGlobalSection
	GlobalSection(ProjectConfigurationPlatforms) = postSolution
		{C2BCB6C7-96EC-4458-B516-A55850B8E88B}.Debug|Any CPU.ActiveCfg = Debug|Any CPU
		{C2BCB6C7-96EC-4458-B516-A55850B8E88B}.Debug|Any CPU.Build.0 = Debug|Any CPU
		{C2BCB6C7-96EC-4458-B516-A55850B8E88B}.Release|Any CPU.ActiveCfg = Release|Any CPU
		{C2BCB6C7-96EC-4458-B516-A55850B8E88B}.Release|Any CPU.Build.0 = Release|Any CPU
		{B6146170-B0A9-490E-9B5B-04163EBEA323}.Debug|Any CPU.ActiveCfg = Debug|Any CPU
		{B6146170-B0A9-490E-9B5B-04163EBEA323}.Debug|Any CPU.Build.0 = Debug|Any CPU
		{B6146170-B0A9-490E-9B5B-04163EBEA323}.Release|Any CPU.ActiveCfg = Release|Any CPU
		{B6146170-B0A9-490E-9B5B-04163EBEA323}.Release|Any CPU.Build.0 = Release|Any CPU
		{1B4510F5-2E7F-40FB-BBCF-AAC13C37A6BA}.Debug|Any CPU.ActiveCfg = Debug|Any CPU
		{1B4510F5-2E7F-40FB-BBCF-AAC13C37A6BA}.Debug|Any CPU.Build.0 = Debug|Any CPU
		{1B4510F5-2E7F-40FB-BBCF-AAC13C37A6BA}.Release|Any CPU.ActiveCfg = Release|Any CPU
		{1B4510F5-2E7F-40FB-BBCF-AAC13C37A6BA}.Release|Any CPU.Build.0 = Release|Any CPU
		{B7D361DD-D01C-46BC-A7F2-DF932849B90C}.Debug|Any CPU.ActiveCfg = Debug|Any CPU
		{B7D361DD-D01C-46BC-A7F2-DF932849B90C}.Debug|Any CPU.Build.0 = Debug|Any CPU
		{B7D361DD-D01C-46BC-A7F2-DF932849B90C}.Release|Any CPU.ActiveCfg = Release|Any CPU
		{B7D361DD-D01C-46BC-A7F2-DF932849B90C}.Release|Any CPU.Build.0 = Release|Any CPU
	EndGlobalSection
EndGlobal
